NeoBundleLock neobundle.vim 8ea71a7c3303f043a127b2d1d1a41e81dc85c132
NeoBundleLock neomru.vim e317db0bb40fddc569a3d71d5ed3acb1df4e2da0
NeoBundleLock nerdtree 4ebbb533c3faf2c480211db2b547972bb3b60f2b
NeoBundleLock promptline.vim b6ce058b1321bdbfc1b0369cf0a6f7c1e58e99e3
NeoBundleLock supertab 66511772a430a5eaad7f7d03dbb02e8f33c4a641
NeoBundleLock syntastic cc440f1b40adcdc0a5aabbc786a8d1750eefd3ee
NeoBundleLock tern_for_vim a26106b42f41edcd8bcd40d750f30339ec37f41c
NeoBundleLock tmuxline.vim 1e638ef6b2673130db123f25b1ae1160c5289bb8
NeoBundleLock unite.vim c9ce3b13c19352e3b791db227aa373c0b028d656
NeoBundleLock vim-airline 94611d1091909c297bcbe7cb82e01186fd1622ec
NeoBundleLock vim-angular 22e136ea02cfcb8257442fe5cca81ea10c3b16e4
NeoBundleLock vim-colors-solarized 528a59f26d12278698bb946f8fb82a63711eec21
NeoBundleLock vim-fugitive 9835920a3c91236021fc8c88cc4157304e24356b
NeoBundleLock vim-gitgutter 4510e9b33506b4b09168c99934c42ee1ce89bba2
NeoBundleLock vim-kalisi c08238d768198010da726f6bca8f8d9faaf5385d
NeoBundleLock vim-nerdtree-tabs 0decec122e9bb3e9328b01fa20a9650e79cc6ca7
NeoBundleLock vim-renpy 3434523ae70818573f5e24045547ea302eab4437
NeoBundleLock vim-virtualenv 49a7e89003c4644f1ec83f2ce7e4388b09b0da74
NeoBundleLock vimproc aa075b9b56839e1adb08421d2e9837f90e59acad
